// !$*UTF8*$!
{
	archiveVersion = 1;
	classes = {
	};
	objectVersion = 46;
	objects = {

/* Begin PBXBuildFile section */
		08F75DE31F3E34A20082E665 /* AppDelegate.swift in Sources */ = {isa = PBXBuildFile; fileRef = 08F75DE21F3E34A20082E665 /* AppDelegate.swift */; };
		08F75DE51F3E34FC0082E665 /* Assets.xcassets in Resources */ = {isa = PBXBuildFile; fileRef = 08F75DE41F3E34FC0082E665 /* Assets.xcassets */; };
		08F75DE91F3E354C0082E665 /* Info.plist in Resources */ = {isa = PBXBuildFile; fileRef = 08F75DE81F3E354C0082E665 /* Info.plist */; };
		08F75DEC1F3E36040082E665 /* LaunchScreen.storyboard in Resources */ = {isa = PBXBuildFile; fileRef = 08F75DEA1F3E36040082E665 /* LaunchScreen.storyboard */; };
		08F75DED1F3E36040082E665 /* Main.storyboard in Resources */ = {isa = PBXBuildFile; fileRef = 08F75DEB1F3E36040082E665 /* Main.storyboard */; };
		08F75DF21F3E37150082E665 /* ViewInterface.swift in Sources */ = {isa = PBXBuildFile; fileRef = 08F75DF11F3E37150082E665 /* ViewInterface.swift */; };
		08F75DF41F3E372C0082E665 /* PresenterInterface.swift in Sources */ = {isa = PBXBuildFile; fileRef = 08F75DF31F3E372C0082E665 /* PresenterInterface.swift */; };
		08F75DF61F3E37750082E665 /* InteractorInterface.swift in Sources */ = {isa = PBXBuildFile; fileRef = 08F75DF51F3E37750082E665 /* InteractorInterface.swift */; };
		08F75DF81F3E378E0082E665 /* WireframeInterface.swift in Sources */ = {isa = PBXBuildFile; fileRef = 08F75DF71F3E378E0082E665 /* WireframeInterface.swift */; };
		08F75E081F3E399E0082E665 /* Router.swift in Sources */ = {isa = PBXBuildFile; fileRef = 08F75E071F3E399E0082E665 /* Router.swift */; };
		08F75E0A1F3E39C90082E665 /* Constants.swift in Sources */ = {isa = PBXBuildFile; fileRef = 08F75E091F3E39C90082E665 /* Constants.swift */; };
		F5ED7E2BA91603FF5F972E84 /* Pods_TravelPlaner.framework in Frameworks */ = {isa = PBXBuildFile; fileRef = A1836B98865F4D8E38BD8463 /* Pods_TravelPlaner.framework */; };
/* End PBXBuildFile section */

/* Begin PBXFileReference section */
		086624E21F3E292700B0B16E /* TravelPlaner.app */ = {isa = PBXFileReference; explicitFileType = wrapper.application; includeInIndex = 0; path = TravelPlaner.app; sourceTree = BUILT_PRODUCTS_DIR; };
		08F75DE21F3E34A20082E665 /* AppDelegate.swift */ = {isa = PBXFileReference; fileEncoding = 4; lastKnownFileType = sourcecode.swift; path = AppDelegate.swift; sourceTree = "<group>"; };
		08F75DE41F3E34FC0082E665 /* Assets.xcassets */ = {isa = PBXFileReference; lastKnownFileType = folder.assetcatalog; path = Assets.xcassets; sourceTree = "<group>"; };
		08F75DE81F3E354C0082E665 /* Info.plist */ = {isa = PBXFileReference; fileEncoding = 4; lastKnownFileType = text.plist.xml; path = Info.plist; sourceTree = "<group>"; };
		08F75DEA1F3E36040082E665 /* LaunchScreen.storyboard */ = {isa = PBXFileReference; fileEncoding = 4; lastKnownFileType = file.storyboard; path = LaunchScreen.storyboard; sourceTree = "<group>"; };
		08F75DEB1F3E36040082E665 /* Main.storyboard */ = {isa = PBXFileReference; fileEncoding = 4; lastKnownFileType = file.storyboard; path = Main.storyboard; sourceTree = "<group>"; };
		08F75DF11F3E37150082E665 /* ViewInterface.swift */ = {isa = PBXFileReference; fileEncoding = 4; lastKnownFileType = sourcecode.swift; path = ViewInterface.swift; sourceTree = "<group>"; };
		08F75DF31F3E372C0082E665 /* PresenterInterface.swift */ = {isa = PBXFileReference; fileEncoding = 4; lastKnownFileType = sourcecode.swift; path = PresenterInterface.swift; sourceTree = "<group>"; };
		08F75DF51F3E37750082E665 /* InteractorInterface.swift */ = {isa = PBXFileReference; fileEncoding = 4; lastKnownFileType = sourcecode.swift; path = InteractorInterface.swift; sourceTree = "<group>"; };
		08F75DF71F3E378E0082E665 /* WireframeInterface.swift */ = {isa = PBXFileReference; fileEncoding = 4; lastKnownFileType = sourcecode.swift; path = WireframeInterface.swift; sourceTree = "<group>"; };
		08F75E071F3E399E0082E665 /* Router.swift */ = {isa = PBXFileReference; fileEncoding = 4; lastKnownFileType = sourcecode.swift; path = Router.swift; sourceTree = "<group>"; };
		08F75E091F3E39C90082E665 /* Constants.swift */ = {isa = PBXFileReference; fileEncoding = 4; lastKnownFileType = sourcecode.swift; path = Constants.swift; sourceTree = "<group>"; };
		A1836B98865F4D8E38BD8463 /* Pods_TravelPlaner.framework */ = {isa = PBXFileReference; explicitFileType = wrapper.framework; includeInIndex = 0; path = Pods_TravelPlaner.framework; sourceTree = BUILT_PRODUCTS_DIR; };
		A440E8CD191CDA47DFCD1A07 /* Pods-TravelPlaner.debug.xcconfig */ = {isa = PBXFileReference; includeInIndex = 1; lastKnownFileType = text.xcconfig; name = "Pods-TravelPlaner.debug.xcconfig"; path = "Pods/Target Support Files/Pods-TravelPlaner/Pods-TravelPlaner.debug.xcconfig"; sourceTree = "<group>"; };
		B99446745764946A3E5A3868 /* Pods-TravelPlaner.release.xcconfig */ = {isa = PBXFileReference; includeInIndex = 1; lastKnownFileType = text.xcconfig; name = "Pods-TravelPlaner.release.xcconfig"; path = "Pods/Target Support Files/Pods-TravelPlaner/Pods-TravelPlaner.release.xcconfig"; sourceTree = "<group>"; };
/* End PBXFileReference section */

/* Begin PBXFrameworksBuildPhase section */
		086624DF1F3E292700B0B16E /* Frameworks */ = {
			isa = PBXFrameworksBuildPhase;
			buildActionMask = 2147483647;
			files = (
				F5ED7E2BA91603FF5F972E84 /* Pods_TravelPlaner.framework in Frameworks */,
			);
			runOnlyForDeploymentPostprocessing = 0;
		};
/* End PBXFrameworksBuildPhase section */

/* Begin PBXGroup section */
		086624D91F3E292700B0B16E = {
			isa = PBXGroup;
			children = (
				086624E41F3E292700B0B16E /* TravelPlaner */,
				086624E31F3E292700B0B16E /* Products */,
				65806C0734E44CA0E8994C40 /* Pods */,
				67DABECE77D430CF250B9A32 /* Frameworks */,
			);
			sourceTree = "<group>";
		};
		086624E31F3E292700B0B16E /* Products */ = {
			isa = PBXGroup;
			children = (
				086624E21F3E292700B0B16E /* TravelPlaner.app */,
			);
			name = Products;
			sourceTree = "<group>";
		};
		086624E41F3E292700B0B16E /* TravelPlaner */ = {
			isa = PBXGroup;
			children = (
				08F75DDE1F3E33EC0082E665 /* Application */,
				08F75DDF1F3E33F40082E665 /* Common */,
				08F75DE01F3E34070082E665 /* Modules */,
				08F75DE11F3E34100082E665 /* Resources */,
			);
			path = TravelPlaner;
			sourceTree = "<group>";
		};
		08F75DDE1F3E33EC0082E665 /* Application */ = {
			isa = PBXGroup;
			children = (
				08F75DE21F3E34A20082E665 /* AppDelegate.swift */,
			);
			path = Application;
			sourceTree = "<group>";
		};
		08F75DDF1F3E33F40082E665 /* Common */ = {
			isa = PBXGroup;
			children = (
				08F75E0B1F3E3A690082E665 /* Enums */,
				08F75E061F3E39890082E665 /* Models */,
				08F75E051F3E397A0082E665 /* Constants */,
				08F75E041F3E39570082E665 /* Networking */,
				08F75DF01F3E37070082E665 /* VIPER */,
			);
			path = Common;
			sourceTree = "<group>";
		};
		08F75DE01F3E34070082E665 /* Modules */ = {
			isa = PBXGroup;
			children = (
				08F75E0C1F3E3A840082E665 /* TabBar */,
				08F75E0D1F3E3A9C0082E665 /* Home */,
				08F75E0E1F3E3AAC0082E665 /* Settings */,
			);
			path = Modules;
			sourceTree = "<group>";
		};
		08F75DE11F3E34100082E665 /* Resources */ = {
			isa = PBXGroup;
			children = (
				08F75DE71F3E35230082E665 /* Storyboards */,
				08F75DE61F3E35150082E665 /* Other-Sources */,
				08F75DE41F3E34FC0082E665 /* Assets.xcassets */,
			);
			path = Resources;
			sourceTree = "<group>";
		};
		08F75DE61F3E35150082E665 /* Other-Sources */ = {
			isa = PBXGroup;
			children = (
				08F75DE81F3E354C0082E665 /* Info.plist */,
			);
			path = "Other-Sources";
			sourceTree = "<group>";
		};
		08F75DE71F3E35230082E665 /* Storyboards */ = {
			isa = PBXGroup;
			children = (
				08F75DEA1F3E36040082E665 /* LaunchScreen.storyboard */,
				08F75DEB1F3E36040082E665 /* Main.storyboard */,
			);
			path = Storyboards;
			sourceTree = "<group>";
		};
		08F75DF01F3E37070082E665 /* VIPER */ = {
			isa = PBXGroup;
			children = (
				08F75DF11F3E37150082E665 /* ViewInterface.swift */,
				08F75DF31F3E372C0082E665 /* PresenterInterface.swift */,
				08F75DF51F3E37750082E665 /* InteractorInterface.swift */,
				08F75DF71F3E378E0082E665 /* WireframeInterface.swift */,
			);
			path = VIPER;
			sourceTree = "<group>";
		};
		08F75E041F3E39570082E665 /* Networking */ = {
			isa = PBXGroup;
			children = (
				08F75E071F3E399E0082E665 /* Router.swift */,
			);
			path = Networking;
			sourceTree = "<group>";
		};
		08F75E051F3E397A0082E665 /* Constants */ = {
			isa = PBXGroup;
			children = (
				08F75E091F3E39C90082E665 /* Constants.swift */,
			);
			path = Constants;
			sourceTree = "<group>";
		};
		08F75E061F3E39890082E665 /* Models */ = {
			isa = PBXGroup;
			children = (
			);
			path = Models;
			sourceTree = "<group>";
		};
		08F75E0B1F3E3A690082E665 /* Enums */ = {
			isa = PBXGroup;
			children = (
			);
			path = Enums;
			sourceTree = "<group>";
		};
		08F75E0C1F3E3A840082E665 /* TabBar */ = {
			isa = PBXGroup;
			children = (
			);
			path = TabBar;
			sourceTree = "<group>";
		};
		08F75E0D1F3E3A9C0082E665 /* Home */ = {
			isa = PBXGroup;
			children = (
			);
			path = Home;
			sourceTree = "<group>";
		};
		08F75E0E1F3E3AAC0082E665 /* Settings */ = {
			isa = PBXGroup;
			children = (
			);
			path = Settings;
			sourceTree = "<group>";
		};
		65806C0734E44CA0E8994C40 /* Pods */ = {
			isa = PBXGroup;
			children = (
				A440E8CD191CDA47DFCD1A07 /* Pods-TravelPlaner.debug.xcconfig */,
				B99446745764946A3E5A3868 /* Pods-TravelPlaner.release.xcconfig */,
			);
			name = Pods;
			sourceTree = "<group>";
		};
		67DABECE77D430CF250B9A32 /* Frameworks */ = {
			isa = PBXGroup;
			children = (
				A1836B98865F4D8E38BD8463 /* Pods_TravelPlaner.framework */,
			);
			name = Frameworks;
			sourceTree = "<group>";
		};
/* End PBXGroup section */

/* Begin PBXNativeTarget section */
		086624E11F3E292700B0B16E /* TravelPlaner */ = {
			isa = PBXNativeTarget;
			buildConfigurationList = 086624F41F3E292700B0B16E /* Build configuration list for PBXNativeTarget "TravelPlaner" */;
			buildPhases = (
				423186AD2FE9FFD64CB50AA7 /* [CP] Check Pods Manifest.lock */,
				086624DE1F3E292700B0B16E /* Sources */,
				086624DF1F3E292700B0B16E /* Frameworks */,
				086624E01F3E292700B0B16E /* Resources */,
				A5CE2CAC83126F21A0A9C8BF /* [CP] Embed Pods Frameworks */,
				65136F02411CB173DBF40410 /* [CP] Copy Pods Resources */,
			);
			buildRules = (
			);
			dependencies = (
			);
			name = TravelPlaner;
			productName = TravelPlaner;
			productReference = 086624E21F3E292700B0B16E /* TravelPlaner.app */;
			productType = "com.apple.product-type.application";
		};
/* End PBXNativeTarget section */

/* Begin PBXProject section */
		086624DA1F3E292700B0B16E /* Project object */ = {
			isa = PBXProject;
			attributes = {
				LastSwiftUpdateCheck = 0830;
				LastUpgradeCheck = 0830;
				ORGANIZATIONNAME = "Nikola Simunko";
				TargetAttributes = {
					086624E11F3E292700B0B16E = {
						CreatedOnToolsVersion = 8.3.3;
						DevelopmentTeam = 5735GS69RA;
						ProvisioningStyle = Automatic;
					};
				};
			};
			buildConfigurationList = 086624DD1F3E292700B0B16E /* Build configuration list for PBXProject "TravelPlaner" */;
			compatibilityVersion = "Xcode 3.2";
			developmentRegion = English;
			hasScannedForEncodings = 0;
			knownRegions = (
				en,
				Base,
			);
			mainGroup = 086624D91F3E292700B0B16E;
			productRefGroup = 086624E31F3E292700B0B16E /* Products */;
			projectDirPath = "";
			projectRoot = "";
			targets = (
				086624E11F3E292700B0B16E /* TravelPlaner */,
			);
		};
/* End PBXProject section */

/* Begin PBXResourcesBuildPhase section */
		086624E01F3E292700B0B16E /* Resources */ = {
			isa = PBXResourcesBuildPhase;
			buildActionMask = 2147483647;
			files = (
				08F75DE91F3E354C0082E665 /* Info.plist in Resources */,
				08F75DE51F3E34FC0082E665 /* Assets.xcassets in Resources */,
				08F75DED1F3E36040082E665 /* Main.storyboard in Resources */,
				08F75DEC1F3E36040082E665 /* LaunchScreen.storyboard in Resources */,
			);
			runOnlyForDeploymentPostprocessing = 0;
		};
/* End PBXResourcesBuildPhase section */

/* Begin PBXShellScriptBuildPhase section */
		423186AD2FE9FFD64CB50AA7 /* [CP] Check Pods Manifest.lock */ = {
			isa = PBXShellScriptBuildPhase;
			buildActionMask = 2147483647;
			files = (
			);
			inputPaths = (
			);
			name = "[CP] Check Pods Manifest.lock";
			outputPaths = (
			);
			runOnlyForDeploymentPostprocessing = 0;
			shellPath = /bin/sh;
			shellScript = "diff \"${PODS_PODFILE_DIR_PATH}/Podfile.lock\" \"${PODS_ROOT}/Manifest.lock\" > /dev/null\nif [ $? != 0 ] ; then\n    # print error to STDERR\n    echo \"error: The sandbox is not in sync with the Podfile.lock. Run 'pod install' or update your CocoaPods installation.\" >&2\n    exit 1\nfi\n";
			showEnvVarsInLog = 0;
		};
		65136F02411CB173DBF40410 /* [CP] Copy Pods Resources */ = {
			isa = PBXShellScriptBuildPhase;
			buildActionMask = 2147483647;
			files = (
			);
			inputPaths = (
			);
			name = "[CP] Copy Pods Resources";
			outputPaths = (
			);
			runOnlyForDeploymentPostprocessing = 0;
			shellPath = /bin/sh;
			shellScript = "\"${SRCROOT}/Pods/Target Support Files/Pods-TravelPlaner/Pods-TravelPlaner-resources.sh\"\n";
			showEnvVarsInLog = 0;
		};
		A5CE2CAC83126F21A0A9C8BF /* [CP] Embed Pods Frameworks */ = {
			isa = PBXShellScriptBuildPhase;
			buildActionMask = 2147483647;
			files = (
			);
			inputPaths = (
			);
			name = "[CP] Embed Pods Frameworks";
			outputPaths = (
			);
			runOnlyForDeploymentPostprocessing = 0;
			shellPath = /bin/sh;
			shellScript = "\"${SRCROOT}/Pods/Target Support Files/Pods-TravelPlaner/Pods-TravelPlaner-frameworks.sh\"\n";
			showEnvVarsInLog = 0;
		};
/* End PBXShellScriptBuildPhase section */

/* Begin PBXSourcesBuildPhase section */
		086624DE1F3E292700B0B16E /* Sources */ = {
			isa = PBXSourcesBuildPhase;
			buildActionMask = 2147483647;
			files = (
				08F75DF61F3E37750082E665 /* InteractorInterface.swift in Sources */,
				08F75DF81F3E378E0082E665 /* WireframeInterface.swift in Sources */,
				08F75DF21F3E37150082E665 /* ViewInterface.swift in Sources */,
				08F75DE31F3E34A20082E665 /* AppDelegate.swift in Sources */,
				08F75E0A1F3E39C90082E665 /* Constants.swift in Sources */,
				08F75E081F3E399E0082E665 /* Router.swift in Sources */,
				08F75DF41F3E372C0082E665 /* PresenterInterface.swift in Sources */,
			);
			runOnlyForDeploymentPostprocessing = 0;
		};
/* End PBXSourcesBuildPhase section */

/* Begin XCBuildConfiguration section */
		086624F21F3E292700B0B16E /* Debug */ = {
			isa = XCBuildConfiguration;
			buildSettings = {
				ALWAYS_SEARCH_USER_PATHS = NO;
				CLANG_ANALYZER_NONNULL = YES;
				CLANG_ANALYZER_NUMBER_OBJECT_CONVERSION = YES_AGGRESSIVE;
				CLANG_CXX_LANGUAGE_STANDARD = "gnu++0x";
				CLANG_CXX_LIBRARY = "libc++";
				CLANG_ENABLE_MODULES = YES;
				CLANG_ENABLE_OBJC_ARC = YES;
				CLANG_WARN_BOOL_CONVERSION = YES;
				CLANG_WARN_CONSTANT_CONVERSION = YES;
				CLANG_WARN_DIRECT_OBJC_ISA_USAGE = YES_ERROR;
				CLANG_WARN_DOCUMENTATION_COMMENTS = YES;
				CLANG_WARN_EMPTY_BODY = YES;
				CLANG_WARN_ENUM_CONVERSION = YES;
				CLANG_WARN_INFINITE_RECURSION = YES;
				CLANG_WARN_INT_CONVERSION = YES;
				CLANG_WARN_OBJC_ROOT_CLASS = YES_ERROR;
				CLANG_WARN_SUSPICIOUS_MOVE = YES;
				CLANG_WARN_UNREACHABLE_CODE = YES;
				CLANG_WARN__DUPLICATE_METHOD_MATCH = YES;
				"CODE_SIGN_IDENTITY[sdk=iphoneos*]" = "iPhone Developer";
				COPY_PHASE_STRIP = NO;
				DEBUG_INFORMATION_FORMAT = dwarf;
				ENABLE_STRICT_OBJC_MSGSEND = YES;
				ENABLE_TESTABILITY = YES;
				GCC_C_LANGUAGE_STANDARD = gnu99;
				GCC_DYNAMIC_NO_PIC = NO;
				GCC_NO_COMMON_BLOCKS = YES;
				GCC_OPTIMIZATION_LEVEL = 0;
				GCC_PREPROCESSOR_DEFINITIONS = (
					"DEBUG=1",
					"$(inherited)",
				);
				GCC_WARN_64_TO_32_BIT_CONVERSION = YES;
				GCC_WARN_ABOUT_RETURN_TYPE = YES_ERROR;
				GCC_WARN_UNDECLARED_SELECTOR = YES;
				GCC_WARN_UNINITIALIZED_AUTOS = YES_AGGRESSIVE;
				GCC_WARN_UNUSED_FUNCTION = YES;
				GCC_WARN_UNUSED_VARIABLE = YES;
				IPHONEOS_DEPLOYMENT_TARGET = 10.3;
				MTL_ENABLE_DEBUG_INFO = YES;
				ONLY_ACTIVE_ARCH = YES;
				SDKROOT = iphoneos;
				SWIFT_ACTIVE_COMPILATION_CONDITIONS = DEBUG;
				SWIFT_OPTIMIZATION_LEVEL = "-Onone";
			};
			name = Debug;
		};
		086624F31F3E292700B0B16E /* Release */ = {
			isa = XCBuildConfiguration;
			buildSettings = {
				ALWAYS_SEARCH_USER_PATHS = NO;
				CLANG_ANALYZER_NONNULL = YES;
				CLANG_ANALYZER_NUMBER_OBJECT_CONVERSION = YES_AGGRESSIVE;
				CLANG_CXX_LANGUAGE_STANDARD = "gnu++0x";
				CLANG_CXX_LIBRARY = "libc++";
				CLANG_ENABLE_MODULES = YES;
				CLANG_ENABLE_OBJC_ARC = YES;
				CLANG_WARN_BOOL_CONVERSION = YES;
				CLANG_WARN_CONSTANT_CONVERSION = YES;
				CLANG_WARN_DIRECT_OBJC_ISA_USAGE = YES_ERROR;
				CLANG_WARN_DOCUMENTATION_COMMENTS = YES;
				CLANG_WARN_EMPTY_BODY = YES;
				CLANG_WARN_ENUM_CONVERSION = YES;
				CLANG_WARN_INFINITE_RECURSION = YES;
				CLANG_WARN_INT_CONVERSION = YES;
				CLANG_WARN_OBJC_ROOT_CLASS = YES_ERROR;
				CLANG_WARN_SUSPICIOUS_MOVE = YES;
				CLANG_WARN_UNREACHABLE_CODE = YES;
				CLANG_WARN__DUPLICATE_METHOD_MATCH = YES;
				"CODE_SIGN_IDENTITY[sdk=iphoneos*]" = "iPhone Developer";
				COPY_PHASE_STRIP = NO;
				DEBUG_INFORMATION_FORMAT = "dwarf-with-dsym";
				ENABLE_NS_ASSERTIONS = NO;
				ENABLE_STRICT_OBJC_MSGSEND = YES;
				GCC_C_LANGUAGE_STANDARD = gnu99;
				GCC_NO_COMMON_BLOCKS = YES;
				GCC_WARN_64_TO_32_BIT_CONVERSION = YES;
				GCC_WARN_ABOUT_RETURN_TYPE = YES_ERROR;
				GCC_WARN_UNDECLARED_SELECTOR = YES;
				GCC_WARN_UNINITIALIZED_AUTOS = YES_AGGRESSIVE;
				GCC_WARN_UNUSED_FUNCTION = YES;
				GCC_WARN_UNUSED_VARIABLE = YES;
				IPHONEOS_DEPLOYMENT_TARGET = 10.3;
				MTL_ENABLE_DEBUG_INFO = NO;
				SDKROOT = iphoneos;
				SWIFT_OPTIMIZATION_LEVEL = "-Owholemodule";
				VALIDATE_PRODUCT = YES;
			};
			name = Release;
		};
		086624F51F3E292700B0B16E /* Debug */ = {
			isa = XCBuildConfiguration;
			baseConfigurationReference = A440E8CD191CDA47DFCD1A07 /* Pods-TravelPlaner.debug.xcconfig */;
			buildSettings = {
				ASSETCATALOG_COMPILER_APPICON_NAME = AppIcon;
				DEVELOPMENT_TEAM = 5735GS69RA;
				INFOPLIST_FILE = "$(SRCROOT)/TravelPlaner/Resources/Other-Sources/Info.plist";
				LD_RUNPATH_SEARCH_PATHS = "$(inherited) @executable_path/Frameworks";
				PRODUCT_BUNDLE_IDENTIFIER = hr.nsimunko.TravelPlaner;
				PRODUCT_NAME = "$(TARGET_NAME)";
				SWIFT_VERSION = 3.0;
			};
			name = Debug;
		};
		086624F61F3E292700B0B16E /* Release */ = {
			isa = XCBuildConfiguration;
			baseConfigurationReference = B99446745764946A3E5A3868 /* Pods-TravelPlaner.release.xcconfig */;
			buildSettings = {
				ASSETCATALOG_COMPILER_APPICON_NAME = AppIcon;
				DEVELOPMENT_TEAM = 5735GS69RA;
				INFOPLIST_FILE = "$(SRCROOT)/TravelPlaner/Resources/Other-Sources/Info.plist";
				LD_RUNPATH_SEARCH_PATHS = "$(inherited) @executable_path/Frameworks";
				PRODUCT_BUNDLE_IDENTIFIER = hr.nsimunko.TravelPlaner;
				PRODUCT_NAME = "$(TARGET_NAME)";
				SWIFT_VERSION = 3.0;
			};
			name = Release;
		};
/* End XCBuildConfiguration section */

/* Begin XCConfigurationList section */
		086624DD1F3E292700B0B16E /* Build configuration list for PBXProject "TravelPlaner" */ = {
			isa = XCConfigurationList;
			buildConfigurations = (
				086624F21F3E292700B0B16E /* Debug */,
				086624F31F3E292700B0B16E /* Release */,
			);
			defaultConfigurationIsVisible = 0;
			defaultConfigurationName = Release;
		};
		086624F41F3E292700B0B16E /* Build configuration list for PBXNativeTarget "TravelPlaner" */ = {
			isa = XCConfigurationList;
			buildConfigurations = (
				086624F51F3E292700B0B16E /* Debug */,
				086624F61F3E292700B0B16E /* Release */,
			);
			defaultConfigurationIsVisible = 0;
			defaultConfigurationName = Release;
		};
/* End XCConfigurationList section */
	};
	rootObject = 086624DA1F3E292700B0B16E /* Project object */;
}
