// !$*UTF8*$!
{
	archiveVersion = 1;
	classes = {
	};
	objectVersion = 46;
	objects = {

/* Begin PBXBuildFile section */
		086624E61F3E292700B0B16E /* AppDelegate.swift in Sources */ = {isa = PBXBuildFile; fileRef = 086624E51F3E292700B0B16E /* AppDelegate.swift */; };
		086624E81F3E292700B0B16E /* ViewController.swift in Sources */ = {isa = PBXBuildFile; fileRef = 086624E71F3E292700B0B16E /* ViewController.swift */; };
		086624EB1F3E292700B0B16E /* Main.storyboard in Resources */ = {isa = PBXBuildFile; fileRef = 086624E91F3E292700B0B16E /* Main.storyboard */; };
		086624ED1F3E292700B0B16E /* Assets.xcassets in Resources */ = {isa = PBXBuildFile; fileRef = 086624EC1F3E292700B0B16E /* Assets.xcassets */; };
		086624F01F3E292700B0B16E /* LaunchScreen.storyboard in Resources */ = {isa = PBXBuildFile; fileRef = 086624EE1F3E292700B0B16E /* LaunchScreen.storyboard */; };
		F5ED7E2BA91603FF5F972E84 /* Pods_TravelPlaner.framework in Frameworks */ = {isa = PBXBuildFile; fileRef = A1836B98865F4D8E38BD8463 /* Pods_TravelPlaner.framework */; };
/* End PBXBuildFile section */

/* Begin PBXFileReference section */
		086624E21F3E292700B0B16E /* TravelPlaner.app */ = {isa = PBXFileReference; explicitFileType = wrapper.application; includeInIndex = 0; path = TravelPlaner.app; sourceTree = BUILT_PRODUCTS_DIR; };
		086624E51F3E292700B0B16E /* AppDelegate.swift */ = {isa = PBXFileReference; lastKnownFileType = sourcecode.swift; path = AppDelegate.swift; sourceTree = "<group>"; };
		086624E71F3E292700B0B16E /* ViewController.swift */ = {isa = PBXFileReference; lastKnownFileType = sourcecode.swift; path = ViewController.swift; sourceTree = "<group>"; };
		086624EA1F3E292700B0B16E /* Base */ = {isa = PBXFileReference; lastKnownFileType = file.storyboard; name = Base; path = Base.lproj/Main.storyboard; sourceTree = "<group>"; };
		086624EC1F3E292700B0B16E /* Assets.xcassets */ = {isa = PBXFileReference; lastKnownFileType = folder.assetcatalog; path = Assets.xcassets; sourceTree = "<group>"; };
		086624EF1F3E292700B0B16E /* Base */ = {isa = PBXFileReference; lastKnownFileType = file.storyboard; name = Base; path = Base.lproj/LaunchScreen.storyboard; sourceTree = "<group>"; };
		086624F11F3E292700B0B16E /* Info.plist */ = {isa = PBXFileReference; lastKnownFileType = text.plist.xml; path = Info.plist; sourceTree = "<group>"; };
		A1836B98865F4D8E38BD8463 /* Pods_TravelPlaner.framework */ = {isa = PBXFileReference; explicitFileType = wrapper.framework; includeInIndex = 0; path = Pods_TravelPlaner.framework; sourceTree = BUILT_PRODUCTS_DIR; };
		A440E8CD191CDA47DFCD1A07 /* Pods-TravelPlaner.debug.xcconfig */ = {isa = PBXFileReference; includeInIndex = 1; lastKnownFileType = text.xcconfig; name = "Pods-TravelPlaner.debug.xcconfig"; path = "Pods/Target Support Files/Pods-TravelPlaner/Pods-TravelPlaner.debug.xcconfig"; sourceTree = "<group>"; };
		B99446745764946A3E5A3868 /* Pods-TravelPlaner.release.xcconfig */ = {isa = PBXFileReference; includeInIndex = 1; lastKnownFileType = text.xcconfig; name = "Pods-TravelPlaner.release.xcconfig"; path = "Pods/Target Support Files/Pods-TravelPlaner/Pods-TravelPlaner.release.xcconfig"; sourceTree = "<group>"; };
/* End PBXFileReference section */

/* Begin PBXFrameworksBuildPhase section */
		086624DF1F3E292700B0B16E /* Frameworks */ = {
			isa = PBXFrameworksBuildPhase;
			buildActionMask = 2147483647;
			files = (
				F5ED7E2BA91603FF5F972E84 /* Pods_TravelPlaner.framework in Frameworks */,
			);
			runOnlyForDeploymentPostprocessing = 0;
		};
/* End PBXFrameworksBuildPhase section */

/* Begin PBXGroup section */
		086624D91F3E292700B0B16E = {
			isa = PBXGroup;
			children = (
				086624E41F3E292700B0B16E /* TravelPlaner */,
				086624E31F3E292700B0B16E /* Products */,
				65806C0734E44CA0E8994C40 /* Pods */,
				67DABECE77D430CF250B9A32 /* Frameworks */,
			);
			sourceTree = "<group>";
		};
		086624E31F3E292700B0B16E /* Products */ = {
			isa = PBXGroup;
			children = (
				086624E21F3E292700B0B16E /* TravelPlaner.app */,
			);
			name = Products;
			sourceTree = "<group>";
		};
		086624E41F3E292700B0B16E /* TravelPlaner */ = {
			isa = PBXGroup;
			children = (
				086624E51F3E292700B0B16E /* AppDelegate.swift */,
				086624E71F3E292700B0B16E /* ViewController.swift */,
				086624E91F3E292700B0B16E /* Main.storyboard */,
				086624EC1F3E292700B0B16E /* Assets.xcassets */,
				086624EE1F3E292700B0B16E /* LaunchScreen.storyboard */,
				086624F11F3E292700B0B16E /* Info.plist */,
			);
			path = TravelPlaner;
			sourceTree = "<group>";
		};
		65806C0734E44CA0E8994C40 /* Pods */ = {
			isa = PBXGroup;
			children = (
				A440E8CD191CDA47DFCD1A07 /* Pods-TravelPlaner.debug.xcconfig */,
				B99446745764946A3E5A3868 /* Pods-TravelPlaner.release.xcconfig */,
			);
			name = Pods;
			sourceTree = "<group>";
		};
		67DABECE77D430CF250B9A32 /* Frameworks */ = {
			isa = PBXGroup;
			children = (
				A1836B98865F4D8E38BD8463 /* Pods_TravelPlaner.framework */,
			);
			name = Frameworks;
			sourceTree = "<group>";
		};
/* End PBXGroup section */

/* Begin PBXNativeTarget section */
		086624E11F3E292700B0B16E /* TravelPlaner */ = {
			isa = PBXNativeTarget;
			buildConfigurationList = 086624F41F3E292700B0B16E /* Build configuration list for PBXNativeTarget "TravelPlaner" */;
			buildPhases = (
				423186AD2FE9FFD64CB50AA7 /* [CP] Check Pods Manifest.lock */,
				086624DE1F3E292700B0B16E /* Sources */,
				086624DF1F3E292700B0B16E /* Frameworks */,
				086624E01F3E292700B0B16E /* Resources */,
				A5CE2CAC83126F21A0A9C8BF /* [CP] Embed Pods Frameworks */,
				65136F02411CB173DBF40410 /* [CP] Copy Pods Resources */,
			);
			buildRules = (
			);
			dependencies = (
			);
			name = TravelPlaner;
			productName = TravelPlaner;
			productReference = 086624E21F3E292700B0B16E /* TravelPlaner.app */;
			productType = "com.apple.product-type.application";
		};
/* End PBXNativeTarget section */

/* Begin PBXProject section */
		086624DA1F3E292700B0B16E /* Project object */ = {
			isa = PBXProject;
			attributes = {
				LastSwiftUpdateCheck = 0830;
				LastUpgradeCheck = 0830;
				ORGANIZATIONNAME = "Nikola Simunko";
				TargetAttributes = {
					086624E11F3E292700B0B16E = {
						CreatedOnToolsVersion = 8.3.3;
						DevelopmentTeam = 5735GS69RA;
						ProvisioningStyle = Automatic;
					};
				};
			};
			buildConfigurationList = 086624DD1F3E292700B0B16E /* Build configuration list for PBXProject "TravelPlaner" */;
			compatibilityVersion = "Xcode 3.2";
			developmentRegion = English;
			hasScannedForEncodings = 0;
			knownRegions = (
				en,
				Base,
			);
			mainGroup = 086624D91F3E292700B0B16E;
			productRefGroup = 086624E31F3E292700B0B16E /* Products */;
			projectDirPath = "";
			projectRoot = "";
			targets = (
				086624E11F3E292700B0B16E /* TravelPlaner */,
			);
		};
/* End PBXProject section */

/* Begin PBXResourcesBuildPhase section */
		086624E01F3E292700B0B16E /* Resources */ = {
			isa = PBXResourcesBuildPhase;
			buildActionMask = 2147483647;
			files = (
				086624F01F3E292700B0B16E /* LaunchScreen.storyboard in Resources */,
				086624ED1F3E292700B0B16E /* Assets.xcassets in Resources */,
				086624EB1F3E292700B0B16E /* Main.storyboard in Resources */,
			);
			runOnlyForDeploymentPostprocessing = 0;
		};
/* End PBXResourcesBuildPhase section */

/* Begin PBXShellScriptBuildPhase section */
		423186AD2FE9FFD64CB50AA7 /* [CP] Check Pods Manifest.lock */ = {
			isa = PBXShellScriptBuildPhase;
			buildActionMask = 2147483647;
			files = (
			);
			inputPaths = (
			);
			name = "[CP] Check Pods Manifest.lock";
			outputPaths = (
			);
			runOnlyForDeploymentPostprocessing = 0;
			shellPath = /bin/sh;
			shellScript = "diff \"${PODS_PODFILE_DIR_PATH}/Podfile.lock\" \"${PODS_ROOT}/Manifest.lock\" > /dev/null\nif [ $? != 0 ] ; then\n    # print error to STDERR\n    echo \"error: The sandbox is not in sync with the Podfile.lock. Run 'pod install' or update your CocoaPods installation.\" >&2\n    exit 1\nfi\n";
			showEnvVarsInLog = 0;
		};
		65136F02411CB173DBF40410 /* [CP] Copy Pods Resources */ = {
			isa = PBXShellScriptBuildPhase;
			buildActionMask = 2147483647;
			files = (
			);
			inputPaths = (
			);
			name = "[CP] Copy Pods Resources";
			outputPaths = (
			);
			runOnlyForDeploymentPostprocessing = 0;
			shellPath = /bin/sh;
			shellScript = "\"${SRCROOT}/Pods/Target Support Files/Pods-TravelPlaner/Pods-TravelPlaner-resources.sh\"\n";
			showEnvVarsInLog = 0;
		};
		A5CE2CAC83126F21A0A9C8BF /* [CP] Embed Pods Frameworks */ = {
			isa = PBXShellScriptBuildPhase;
			buildActionMask = 2147483647;
			files = (
			);
			inputPaths = (
			);
			name = "[CP] Embed Pods Frameworks";
			outputPaths = (
			);
			runOnlyForDeploymentPostprocessing = 0;
			shellPath = /bin/sh;
			shellScript = "\"${SRCROOT}/Pods/Target Support Files/Pods-TravelPlaner/Pods-TravelPlaner-frameworks.sh\"\n";
			showEnvVarsInLog = 0;
		};
/* End PBXShellScriptBuildPhase section */

/* Begin PBXSourcesBuildPhase section */
		086624DE1F3E292700B0B16E /* Sources */ = {
			isa = PBXSourcesBuildPhase;
			buildActionMask = 2147483647;
			files = (
				086624E81F3E292700B0B16E /* ViewController.swift in Sources */,
				086624E61F3E292700B0B16E /* AppDelegate.swift in Sources */,
			);
			runOnlyForDeploymentPostprocessing = 0;
		};
/* End PBXSourcesBuildPhase section */

/* Begin PBXVariantGroup section */
		086624E91F3E292700B0B16E /* Main.storyboard */ = {
			isa = PBXVariantGroup;
			children = (
				086624EA1F3E292700B0B16E /* Base */,
			);
			name = Main.storyboard;
			sourceTree = "<group>";
		};
		086624EE1F3E292700B0B16E /* LaunchScreen.storyboard */ = {
			isa = PBXVariantGroup;
			children = (
				086624EF1F3E292700B0B16E /* Base */,
			);
			name = LaunchScreen.storyboard;
			sourceTree = "<group>";
		};
/* End PBXVariantGroup section */

/* Begin XCBuildConfiguration section */
		086624F21F3E292700B0B16E /* Debug */ = {
			isa = XCBuildConfiguration;
			buildSettings = {
				ALWAYS_SEARCH_USER_PATHS = NO;
				CLANG_ANALYZER_NONNULL = YES;
				CLANG_ANALYZER_NUMBER_OBJECT_CONVERSION = YES_AGGRESSIVE;
				CLANG_CXX_LANGUAGE_STANDARD = "gnu++0x";
				CLANG_CXX_LIBRARY = "libc++";
				CLANG_ENABLE_MODULES = YES;
				CLANG_ENABLE_OBJC_ARC = YES;
				CLANG_WARN_BOOL_CONVERSION = YES;
				CLANG_WARN_CONSTANT_CONVERSION = YES;
				CLANG_WARN_DIRECT_OBJC_ISA_USAGE = YES_ERROR;
				CLANG_WARN_DOCUMENTATION_COMMENTS = YES;
				CLANG_WARN_EMPTY_BODY = YES;
				CLANG_WARN_ENUM_CONVERSION = YES;
				CLANG_WARN_INFINITE_RECURSION = YES;
				CLANG_WARN_INT_CONVERSION = YES;
				CLANG_WARN_OBJC_ROOT_CLASS = YES_ERROR;
				CLANG_WARN_SUSPICIOUS_MOVE = YES;
				CLANG_WARN_UNREACHABLE_CODE = YES;
				CLANG_WARN__DUPLICATE_METHOD_MATCH = YES;
				"CODE_SIGN_IDENTITY[sdk=iphoneos*]" = "iPhone Developer";
				COPY_PHASE_STRIP = NO;
				DEBUG_INFORMATION_FORMAT = dwarf;
				ENABLE_STRICT_OBJC_MSGSEND = YES;
				ENABLE_TESTABILITY = YES;
				GCC_C_LANGUAGE_STANDARD = gnu99;
				GCC_DYNAMIC_NO_PIC = NO;
				GCC_NO_COMMON_BLOCKS = YES;
				GCC_OPTIMIZATION_LEVEL = 0;
				GCC_PREPROCESSOR_DEFINITIONS = (
					"DEBUG=1",
					"$(inherited)",
				);
				GCC_WARN_64_TO_32_BIT_CONVERSION = YES;
				GCC_WARN_ABOUT_RETURN_TYPE = YES_ERROR;
				GCC_WARN_UNDECLARED_SELECTOR = YES;
				GCC_WARN_UNINITIALIZED_AUTOS = YES_AGGRESSIVE;
				GCC_WARN_UNUSED_FUNCTION = YES;
				GCC_WARN_UNUSED_VARIABLE = YES;
				IPHONEOS_DEPLOYMENT_TARGET = 10.3;
				MTL_ENABLE_DEBUG_INFO = YES;
				ONLY_ACTIVE_ARCH = YES;
				SDKROOT = iphoneos;
				SWIFT_ACTIVE_COMPILATION_CONDITIONS = DEBUG;
				SWIFT_OPTIMIZATION_LEVEL = "-Onone";
			};
			name = Debug;
		};
		086624F31F3E292700B0B16E /* Release */ = {
			isa = XCBuildConfiguration;
			buildSettings = {
				ALWAYS_SEARCH_USER_PATHS = NO;
				CLANG_ANALYZER_NONNULL = YES;
				CLANG_ANALYZER_NUMBER_OBJECT_CONVERSION = YES_AGGRESSIVE;
				CLANG_CXX_LANGUAGE_STANDARD = "gnu++0x";
				CLANG_CXX_LIBRARY = "libc++";
				CLANG_ENABLE_MODULES = YES;
				CLANG_ENABLE_OBJC_ARC = YES;
				CLANG_WARN_BOOL_CONVERSION = YES;
				CLANG_WARN_CONSTANT_CONVERSION = YES;
				CLANG_WARN_DIRECT_OBJC_ISA_USAGE = YES_ERROR;
				CLANG_WARN_DOCUMENTATION_COMMENTS = YES;
				CLANG_WARN_EMPTY_BODY = YES;
				CLANG_WARN_ENUM_CONVERSION = YES;
				CLANG_WARN_INFINITE_RECURSION = YES;
				CLANG_WARN_INT_CONVERSION = YES;
				CLANG_WARN_OBJC_ROOT_CLASS = YES_ERROR;
				CLANG_WARN_SUSPICIOUS_MOVE = YES;
				CLANG_WARN_UNREACHABLE_CODE = YES;
				CLANG_WARN__DUPLICATE_METHOD_MATCH = YES;
				"CODE_SIGN_IDENTITY[sdk=iphoneos*]" = "iPhone Developer";
				COPY_PHASE_STRIP = NO;
				DEBUG_INFORMATION_FORMAT = "dwarf-with-dsym";
				ENABLE_NS_ASSERTIONS = NO;
				ENABLE_STRICT_OBJC_MSGSEND = YES;
				GCC_C_LANGUAGE_STANDARD = gnu99;
				GCC_NO_COMMON_BLOCKS = YES;
				GCC_WARN_64_TO_32_BIT_CONVERSION = YES;
				GCC_WARN_ABOUT_RETURN_TYPE = YES_ERROR;
				GCC_WARN_UNDECLARED_SELECTOR = YES;
				GCC_WARN_UNINITIALIZED_AUTOS = YES_AGGRESSIVE;
				GCC_WARN_UNUSED_FUNCTION = YES;
				GCC_WARN_UNUSED_VARIABLE = YES;
				IPHONEOS_DEPLOYMENT_TARGET = 10.3;
				MTL_ENABLE_DEBUG_INFO = NO;
				SDKROOT = iphoneos;
				SWIFT_OPTIMIZATION_LEVEL = "-Owholemodule";
				VALIDATE_PRODUCT = YES;
			};
			name = Release;
		};
		086624F51F3E292700B0B16E /* Debug */ = {
			isa = XCBuildConfiguration;
			baseConfigurationReference = A440E8CD191CDA47DFCD1A07 /* Pods-TravelPlaner.debug.xcconfig */;
			buildSettings = {
				ASSETCATALOG_COMPILER_APPICON_NAME = AppIcon;
				DEVELOPMENT_TEAM = 5735GS69RA;
				INFOPLIST_FILE = TravelPlaner/Info.plist;
				LD_RUNPATH_SEARCH_PATHS = "$(inherited) @executable_path/Frameworks";
				PRODUCT_BUNDLE_IDENTIFIER = hr.nsimunko.TravelPlaner;
				PRODUCT_NAME = "$(TARGET_NAME)";
				SWIFT_VERSION = 3.0;
			};
			name = Debug;
		};
		086624F61F3E292700B0B16E /* Release */ = {
			isa = XCBuildConfiguration;
			baseConfigurationReference = B99446745764946A3E5A3868 /* Pods-TravelPlaner.release.xcconfig */;
			buildSettings = {
				ASSETCATALOG_COMPILER_APPICON_NAME = AppIcon;
				DEVELOPMENT_TEAM = 5735GS69RA;
				INFOPLIST_FILE = TravelPlaner/Info.plist;
				LD_RUNPATH_SEARCH_PATHS = "$(inherited) @executable_path/Frameworks";
				PRODUCT_BUNDLE_IDENTIFIER = hr.nsimunko.TravelPlaner;
				PRODUCT_NAME = "$(TARGET_NAME)";
				SWIFT_VERSION = 3.0;
			};
			name = Release;
		};
/* End XCBuildConfiguration section */

/* Begin XCConfigurationList section */
		086624DD1F3E292700B0B16E /* Build configuration list for PBXProject "TravelPlaner" */ = {
			isa = XCConfigurationList;
			buildConfigurations = (
				086624F21F3E292700B0B16E /* Debug */,
				086624F31F3E292700B0B16E /* Release */,
			);
			defaultConfigurationIsVisible = 0;
			defaultConfigurationName = Release;
		};
		086624F41F3E292700B0B16E /* Build configuration list for PBXNativeTarget "TravelPlaner" */ = {
			isa = XCConfigurationList;
			buildConfigurations = (
				086624F51F3E292700B0B16E /* Debug */,
				086624F61F3E292700B0B16E /* Release */,
			);
			defaultConfigurationIsVisible = 0;
		};
/* End XCConfigurationList section */
	};
	rootObject = 086624DA1F3E292700B0B16E /* Project object */;
}
